
Microsoft Visual Studio Solution File, Format Version 12.00
# Visual Studio 2012
Project("{8BC9CEB8-8B4A-11D0-8D11-00A0C91BC942}") = "CanvasEngineV_0.021", "CanvasEngineV_0.021\CanvasEngineV_0.021.vcxproj", "{B63371CF-3AE4-4F19-94D3-FF8E3454A44E}"
EndProject
Global
	GlobalSection(SolutionConfigurationPlatforms) = preSolution
		Debug|Win32 = Debug|Win32
		Release|Win32 = Release|Win32
	EndGlobalSection
	GlobalSection(ProjectConfigurationPlatforms) = postSolution
		{B63371CF-3AE4-4F19-94D3-FF8E3454A44E}.Debug|Win32.ActiveCfg = Debug|Win32
		{B63371CF-3AE4-4F19-94D3-FF8E3454A44E}.Debug|Win32.Build.0 = Debug|Win32
		{B63371CF-3AE4-4F19-94D3-FF8E3454A44E}.Release|Win32.ActiveCfg = Release|Win32
		{B63371CF-3AE4-4F19-94D3-FF8E3454A44E}.Release|Win32.Build.0 = Release|Win32
	EndGlobalSection
	GlobalSection(SolutionProperties) = preSolution
		HideSolutionNode = FALSE
	EndGlobalSection
EndGlobal
